
Microsoft Visual Studio Solution File, Format Version 12.00
# Visual Studio Version 17
VisualStudioVersion = 17.0.31903.59
MinimumVisualStudioVersion = 10.0.40219.1
Project("{2150E333-8FDC-42A3-9474-1A3956D46DE8}") = "src", "src", "{827E0CD3-B72D-47B6-A68D-7590B98EB39B}"
EndProject
Project("{FAE04EC0-301F-11D3-BF4B-00C04F79EFBC}") = "PostQuantum.FileFormat", "src\PostQuantum.FileFormat\PostQuantum.FileFormat.csproj", "{F2D9A951-FD4C-4B93-8E77-CA0E22E36AB3}"
EndProject
Project("{2150E333-8FDC-42A3-9474-1A3956D46DE8}") = "tests", "tests", "{0AB3BF05-4346-4AA6-1389-037BE0695223}"
EndProject
Project("{FAE04EC0-301F-11D3-BF4B-00C04F79EFBC}") = "PostQuantum.FileFormat.Tests", "tests\PostQuantum.FileFormat.Tests\PostQuantum.FileFormat.Tests.csproj", "{9DFF37FC-91D1-4254-B2D5-16144BBFF353}"
EndProject
Project("{FAE04EC0-301F-11D3-BF4B-00C04F79EFBC}") = "PostQuantum.FileFormat.TestVectors", "tests\PostQuantum.FileFormat.TestVectors\PostQuantum.FileFormat.TestVectors.csproj", "{4C78B0EC-7483-47FF-96CE-A5906FBCB4CC}"
EndProject
Project("{2150E333-8FDC-42A3-9474-1A3956D46DE8}") = "cli", "cli", "{342A349A-D343-8551-4064-2E2800C39E13}"
EndProject
Project("{FAE04EC0-301F-11D3-BF4B-00C04F79EFBC}") = "PostQuantum.FileFormat.Cli", "cli\PostQuantum.FileFormat.Cli\PostQuantum.FileFormat.Cli.csproj", "{674EA9E7-286A-4994-8F0F-B6AFBFA67886}"
EndProject
Project("{FAE04EC0-301F-11D3-BF4B-00C04F79EFBC}") = "PostQuantum.FileFormat.Cli.Tests", "tests\PostQuantum.FileFormat.Cli.Tests\PostQuantum.FileFormat.Cli.Tests.csproj", "{88548260-8F40-43FA-84C8-189A71978705}"
EndProject
Project("{FAE04EC0-301F-11D3-BF4B-00C04F79EFBC}") = "PostQuantum.FileFormat.Fuzz", "tests\PostQuantum.FileFormat.Fuzz\PostQuantum.FileFormat.Fuzz.csproj", "{B1C2D3E4-F5A6-4B7C-8D9E-0F1A2B3C4D5E}"
EndProject
Project("{FAE04EC0-301F-11D3-BF4B-00C04F79EFBC}") = "PostQuantum.FileFormat.Kat", "tests\PostQuantum.FileFormat.Kat\PostQuantum.FileFormat.Kat.csproj", "{C2D3E4F5-A6B7-4C8D-9E0F-1A2B3C4D5E6F}"
EndProject
Global
	GlobalSection(SolutionConfigurationPlatforms) = preSolution
		Debug|Any CPU = Debug|Any CPU
		Debug|x64 = Debug|x64
		Debug|x86 = Debug|x86
		Release|Any CPU = Release|Any CPU
		Release|x64 = Release|x64
		Release|x86 = Release|x86
	EndGlobalSection
	GlobalSection(ProjectConfigurationPlatforms) = postSolution
		{F2D9A951-FD4C-4B93-8E77-CA0E22E36AB3}.Debug|Any CPU.ActiveCfg = Debug|Any CPU
		{F2D9A951-FD4C-4B93-8E77-CA0E22E36AB3}.Debug|Any CPU.Build.0 = Debug|Any CPU
		{F2D9A951-FD4C-4B93-8E77-CA0E22E36AB3}.Debug|x64.ActiveCfg = Debug|Any CPU
		{F2D9A951-FD4C-4B93-8E77-CA0E22E36AB3}.Debug|x64.Build.0 = Debug|Any CPU
		{F2D9A951-FD4C-4B93-8E77-CA0E22E36AB3}.Debug|x86.ActiveCfg = Debug|Any CPU
		{F2D9A951-FD4C-4B93-8E77-CA0E22E36AB3}.Debug|x86.Build.0 = Debug|Any CPU
		{F2D9A951-FD4C-4B93-8E77-CA0E22E36AB3}.Release|Any CPU.ActiveCfg = Release|Any CPU
		{F2D9A951-FD4C-4B93-8E77-CA0E22E36AB3}.Release|Any CPU.Build.0 = Release|Any CPU
		{F2D9A951-FD4C-4B93-8E77-CA0E22E36AB3}.Release|x64.ActiveCfg = Release|Any CPU
		{F2D9A951-FD4C-4B93-8E77-CA0E22E36AB3}.Release|x64.Build.0 = Release|Any CPU
		{F2D9A951-FD4C-4B93-8E77-CA0E22E36AB3}.Release|x86.ActiveCfg = Release|Any CPU
		{F2D9A951-FD4C-4B93-8E77-CA0E22E36AB3}.Release|x86.Build.0 = Release|Any CPU
		{9DFF37FC-91D1-4254-B2D5-16144BBFF353}.Debug|Any CPU.ActiveCfg = Debug|Any CPU
		{9DFF37FC-91D1-4254-B2D5-16144BBFF353}.Debug|Any CPU.Build.0 = Debug|Any CPU
		{9DFF37FC-91D1-4254-B2D5-16144BBFF353}.Debug|x64.ActiveCfg = Debug|Any CPU
		{9DFF37FC-91D1-4254-B2D5-16144BBFF353}.Debug|x64.Build.0 = Debug|Any CPU
		{9DFF37FC-91D1-4254-B2D5-16144BBFF353}.Debug|x86.ActiveCfg = Debug|Any CPU
		{9DFF37FC-91D1-4254-B2D5-16144BBFF353}.Debug|x86.Build.0 = Debug|Any CPU
		{9DFF37FC-91D1-4254-B2D5-16144BBFF353}.Release|Any CPU.ActiveCfg = Release|Any CPU
		{9DFF37FC-91D1-4254-B2D5-16144BBFF353}.Release|Any CPU.Build.0 = Release|Any CPU
		{9DFF37FC-91D1-4254-B2D5-16144BBFF353}.Release|x64.ActiveCfg = Release|Any CPU
		{9DFF37FC-91D1-4254-B2D5-16144BBFF353}.Release|x64.Build.0 = Release|Any CPU
		{9DFF37FC-91D1-4254-B2D5-16144BBFF353}.Release|x86.ActiveCfg = Release|Any CPU
		{9DFF37FC-91D1-4254-B2D5-16144BBFF353}.Release|x86.Build.0 = Release|Any CPU
		{4C78B0EC-7483-47FF-96CE-A5906FBCB4CC}.Debug|Any CPU.ActiveCfg = Debug|Any CPU
		{4C78B0EC-7483-47FF-96CE-A5906FBCB4CC}.Debug|Any CPU.Build.0 = Debug|Any CPU
		{4C78B0EC-7483-47FF-96CE-A5906FBCB4CC}.Debug|x64.ActiveCfg = Debug|Any CPU
		{4C78B0EC-7483-47FF-96CE-A5906FBCB4CC}.Debug|x64.Build.0 = Debug|Any CPU
		{4C78B0EC-7483-47FF-96CE-A5906FBCB4CC}.Debug|x86.ActiveCfg = Debug|Any CPU
		{4C78B0EC-7483-47FF-96CE-A5906FBCB4CC}.Debug|x86.Build.0 = Debug|Any CPU
		{4C78B0EC-7483-47FF-96CE-A5906FBCB4CC}.Release|Any CPU.ActiveCfg = Release|Any CPU
		{4C78B0EC-7483-47FF-96CE-A5906FBCB4CC}.Release|Any CPU.Build.0 = Release|Any CPU
		{4C78B0EC-7483-47FF-96CE-A5906FBCB4CC}.Release|x64.ActiveCfg = Release|Any CPU
		{4C78B0EC-7483-47FF-96CE-A5906FBCB4CC}.Release|x64.Build.0 = Release|Any CPU
		{4C78B0EC-7483-47FF-96CE-A5906FBCB4CC}.Release|x86.ActiveCfg = Release|Any CPU
		{4C78B0EC-7483-47FF-96CE-A5906FBCB4CC}.Release|x86.Build.0 = Release|Any CPU
		{674EA9E7-286A-4994-8F0F-B6AFBFA67886}.Debug|Any CPU.ActiveCfg = Debug|Any CPU
		{674EA9E7-286A-4994-8F0F-B6AFBFA67886}.Debug|Any CPU.Build.0 = Debug|Any CPU
		{674EA9E7-286A-4994-8F0F-B6AFBFA67886}.Debug|x64.ActiveCfg = Debug|Any CPU
		{674EA9E7-286A-4994-8F0F-B6AFBFA67886}.Debug|x64.Build.0 = Debug|Any CPU
		{674EA9E7-286A-4994-8F0F-B6AFBFA67886}.Debug|x86.ActiveCfg = Debug|Any CPU
		{674EA9E7-286A-4994-8F0F-B6AFBFA67886}.Debug|x86.Build.0 = Debug|Any CPU
		{674EA9E7-286A-4994-8F0F-B6AFBFA67886}.Release|Any CPU.ActiveCfg = Release|Any CPU
		{674EA9E7-286A-4994-8F0F-B6AFBFA67886}.Release|Any CPU.Build.0 = Release|Any CPU
		{674EA9E7-286A-4994-8F0F-B6AFBFA67886}.Release|x64.ActiveCfg = Release|Any CPU
		{674EA9E7-286A-4994-8F0F-B6AFBFA67886}.Release|x64.Build.0 = Release|Any CPU
		{674EA9E7-286A-4994-8F0F-B6AFBFA67886}.Release|x86.ActiveCfg = Release|Any CPU
		{674EA9E7-286A-4994-8F0F-B6AFBFA67886}.Release|x86.Build.0 = Release|Any CPU
		{88548260-8F40-43FA-84C8-189A71978705}.Debug|Any CPU.ActiveCfg = Debug|Any CPU
		{88548260-8F40-43FA-84C8-189A71978705}.Debug|Any CPU.Build.0 = Debug|Any CPU
		{88548260-8F40-43FA-84C8-189A71978705}.Debug|x64.ActiveCfg = Debug|Any CPU
		{88548260-8F40-43FA-84C8-189A71978705}.Debug|x64.Build.0 = Debug|Any CPU
		{88548260-8F40-43FA-84C8-189A71978705}.Debug|x86.ActiveCfg = Debug|Any CPU
		{88548260-8F40-43FA-84C8-189A71978705}.Debug|x86.Build.0 = Debug|Any CPU
		{88548260-8F40-43FA-84C8-189A71978705}.Release|Any CPU.ActiveCfg = Release|Any CPU
		{88548260-8F40-43FA-84C8-189A71978705}.Release|Any CPU.Build.0 = Release|Any CPU
		{88548260-8F40-43FA-84C8-189A71978705}.Release|x64.ActiveCfg = Release|Any CPU
		{88548260-8F40-43FA-84C8-189A71978705}.Release|x64.Build.0 = Release|Any CPU
		{88548260-8F40-43FA-84C8-189A71978705}.Release|x86.ActiveCfg = Release|Any CPU
		{88548260-8F40-43FA-84C8-189A71978705}.Release|x86.Build.0 = Release|Any CPU
		{B1C2D3E4-F5A6-4B7C-8D9E-0F1A2B3C4D5E}.Debug|Any CPU.ActiveCfg = Debug|Any CPU
		{B1C2D3E4-F5A6-4B7C-8D9E-0F1A2B3C4D5E}.Debug|Any CPU.Build.0 = Debug|Any CPU
		{B1C2D3E4-F5A6-4B7C-8D9E-0F1A2B3C4D5E}.Debug|x64.ActiveCfg = Debug|Any CPU
		{B1C2D3E4-F5A6-4B7C-8D9E-0F1A2B3C4D5E}.Debug|x64.Build.0 = Debug|Any CPU
		{B1C2D3E4-F5A6-4B7C-8D9E-0F1A2B3C4D5E}.Debug|x86.ActiveCfg = Debug|Any CPU
		{B1C2D3E4-F5A6-4B7C-8D9E-0F1A2B3C4D5E}.Debug|x86.Build.0 = Debug|Any CPU
		{B1C2D3E4-F5A6-4B7C-8D9E-0F1A2B3C4D5E}.Release|Any CPU.ActiveCfg = Release|Any CPU
		{B1C2D3E4-F5A6-4B7C-8D9E-0F1A2B3C4D5E}.Release|Any CPU.Build.0 = Release|Any CPU
		{B1C2D3E4-F5A6-4B7C-8D9E-0F1A2B3C4D5E}.Release|x64.ActiveCfg = Release|Any CPU
		{B1C2D3E4-F5A6-4B7C-8D9E-0F1A2B3C4D5E}.Release|x64.Build.0 = Release|Any CPU
		{B1C2D3E4-F5A6-4B7C-8D9E-0F1A2B3C4D5E}.Release|x86.ActiveCfg = Release|Any CPU
		{B1C2D3E4-F5A6-4B7C-8D9E-0F1A2B3C4D5E}.Release|x86.Build.0 = Release|Any CPU
		{C2D3E4F5-A6B7-4C8D-9E0F-1A2B3C4D5E6F}.Debug|Any CPU.ActiveCfg = Debug|Any CPU
		{C2D3E4F5-A6B7-4C8D-9E0F-1A2B3C4D5E6F}.Debug|Any CPU.Build.0 = Debug|Any CPU
		{C2D3E4F5-A6B7-4C8D-9E0F-1A2B3C4D5E6F}.Debug|x64.ActiveCfg = Debug|Any CPU
		{C2D3E4F5-A6B7-4C8D-9E0F-1A2B3C4D5E6F}.Debug|x64.Build.0 = Debug|Any CPU
		{C2D3E4F5-A6B7-4C8D-9E0F-1A2B3C4D5E6F}.Debug|x86.ActiveCfg = Debug|Any CPU
		{C2D3E4F5-A6B7-4C8D-9E0F-1A2B3C4D5E6F}.Debug|x86.Build.0 = Debug|Any CPU
		{C2D3E4F5-A6B7-4C8D-9E0F-1A2B3C4D5E6F}.Release|Any CPU.ActiveCfg = Release|Any CPU
		{C2D3E4F5-A6B7-4C8D-9E0F-1A2B3C4D5E6F}.Release|Any CPU.Build.0 = Release|Any CPU
		{C2D3E4F5-A6B7-4C8D-9E0F-1A2B3C4D5E6F}.Release|x64.ActiveCfg = Release|Any CPU
		{C2D3E4F5-A6B7-4C8D-9E0F-1A2B3C4D5E6F}.Release|x64.Build.0 = Release|Any CPU
		{C2D3E4F5-A6B7-4C8D-9E0F-1A2B3C4D5E6F}.Release|x86.ActiveCfg = Release|Any CPU
		{C2D3E4F5-A6B7-4C8D-9E0F-1A2B3C4D5E6F}.Release|x86.Build.0 = Release|Any CPU
	EndGlobalSection
	GlobalSection(SolutionProperties) = preSolution
		HideSolutionNode = FALSE
	EndGlobalSection
	GlobalSection(NestedProjects) = preSolution
		{F2D9A951-FD4C-4B93-8E77-CA0E22E36AB3} = {827E0CD3-B72D-47B6-A68D-7590B98EB39B}
		{9DFF37FC-91D1-4254-B2D5-16144BBFF353} = {0AB3BF05-4346-4AA6-1389-037BE0695223}
		{4C78B0EC-7483-47FF-96CE-A5906FBCB4CC} = {0AB3BF05-4346-4AA6-1389-037BE0695223}
		{674EA9E7-286A-4994-8F0F-B6AFBFA67886} = {342A349A-D343-8551-4064-2E2800C39E13}
		{88548260-8F40-43FA-84C8-189A71978705} = {0AB3BF05-4346-4AA6-1389-037BE0695223}
		{B1C2D3E4-F5A6-4B7C-8D9E-0F1A2B3C4D5E} = {0AB3BF05-4346-4AA6-1389-037BE0695223}
		{C2D3E4F5-A6B7-4C8D-9E0F-1A2B3C4D5E6F} = {0AB3BF05-4346-4AA6-1389-037BE0695223}
	EndGlobalSection
EndGlobal
