
Microsoft Visual Studio Solution File, Format Version 12.00
# Visual Studio Version 17
VisualStudioVersion = 17.0.31903.59
MinimumVisualStudioVersion = 10.0.40219.1
Project("{2150E333-8FDC-42A3-9474-1A3956D46DE8}") = "src", "src", "{827E0CD3-B72D-47B6-A68D-7590B98EB39B}"
EndProject
Project("{FAE04EC0-301F-11D3-BF4B-00C04F79EFBC}") = "PostQuantum.FileFormat", "src\PostQuantum.FileFormat\PostQuantum.FileFormat.csproj", "{F2D9A951-FD4C-4B93-8E77-CA0E22E36AB3}"
EndProject
Project("{2150E333-8FDC-42A3-9474-1A3956D46DE8}") = "tests", "tests", "{0AB3BF05-4346-4AA6-1389-037BE0695223}"
EndProject
Project("{FAE04EC0-301F-11D3-BF4B-00C04F79EFBC}") = "PostQuantum.FileFormat.Tests", "tests\PostQuantum.FileFormat.Tests\PostQuantum.FileFormat.Tests.csproj", "{9DFF37FC-91D1-4254-B2D5-16144BBFF353}"
EndProject
Project("{FAE04EC0-301F-11D3-BF4B-00C04F79EFBC}") = "PostQuantum.FileFormat.TestVectors", "tests\PostQuantum.FileFormat.TestVectors\PostQuantum.FileFormat.TestVectors.csproj", "{4C78B0EC-7483-47FF-96CE-A5906FBCB4CC}"
EndProject
Global
	GlobalSection(SolutionConfigurationPlatforms) = preSolution
		Debug|Any CPU = Debug|Any CPU
		Debug|x64 = Debug|x64
		Debug|x86 = Debug|x86
		Release|Any CPU = Release|Any CPU
		Release|x64 = Release|x64
		Release|x86 = Release|x86
	EndGlobalSection
	GlobalSection(ProjectConfigurationPlatforms) = postSolution
		{F2D9A951-FD4C-4B93-8E77-CA0E22E36AB3}.Debug|Any CPU.ActiveCfg = Debug|Any CPU
		{F2D9A951-FD4C-4B93-8E77-CA0E22E36AB3}.Debug|Any CPU.Build.0 = Debug|Any CPU
		{F2D9A951-FD4C-4B93-8E77-CA0E22E36AB3}.Debug|x64.ActiveCfg = Debug|Any CPU
		{F2D9A951-FD4C-4B93-8E77-CA0E22E36AB3}.Debug|x64.Build.0 = Debug|Any CPU
		{F2D9A951-FD4C-4B93-8E77-CA0E22E36AB3}.Debug|x86.ActiveCfg = Debug|Any CPU
		{F2D9A951-FD4C-4B93-8E77-CA0E22E36AB3}.Debug|x86.Build.0 = Debug|Any CPU
		{F2D9A951-FD4C-4B93-8E77-CA0E22E36AB3}.Release|Any CPU.ActiveCfg = Release|Any CPU
		{F2D9A951-FD4C-4B93-8E77-CA0E22E36AB3}.Release|Any CPU.Build.0 = Release|Any CPU
		{F2D9A951-FD4C-4B93-8E77-CA0E22E36AB3}.Release|x64.ActiveCfg = Release|Any CPU
		{F2D9A951-FD4C-4B93-8E77-CA0E22E36AB3}.Release|x64.Build.0 = Release|Any CPU
		{F2D9A951-FD4C-4B93-8E77-CA0E22E36AB3}.Release|x86.ActiveCfg = Release|Any CPU
		{F2D9A951-FD4C-4B93-8E77-CA0E22E36AB3}.Release|x86.Build.0 = Release|Any CPU
		{9DFF37FC-91D1-4254-B2D5-16144BBFF353}.Debug|Any CPU.ActiveCfg = Debug|Any CPU
		{9DFF37FC-91D1-4254-B2D5-16144BBFF353}.Debug|Any CPU.Build.0 = Debug|Any CPU
		{9DFF37FC-91D1-4254-B2D5-16144BBFF353}.Debug|x64.ActiveCfg = Debug|Any CPU
		{9DFF37FC-91D1-4254-B2D5-16144BBFF353}.Debug|x64.Build.0 = Debug|Any CPU
		{9DFF37FC-91D1-4254-B2D5-16144BBFF353}.Debug|x86.ActiveCfg = Debug|Any CPU
		{9DFF37FC-91D1-4254-B2D5-16144BBFF353}.Debug|x86.Build.0 = Debug|Any CPU
		{9DFF37FC-91D1-4254-B2D5-16144BBFF353}.Release|Any CPU.ActiveCfg = Release|Any CPU
		{9DFF37FC-91D1-4254-B2D5-16144BBFF353}.Release|Any CPU.Build.0 = Release|Any CPU
		{9DFF37FC-91D1-4254-B2D5-16144BBFF353}.Release|x64.ActiveCfg = Release|Any CPU
		{9DFF37FC-91D1-4254-B2D5-16144BBFF353}.Release|x64.Build.0 = Release|Any CPU
		{9DFF37FC-91D1-4254-B2D5-16144BBFF353}.Release|x86.ActiveCfg = Release|Any CPU
		{9DFF37FC-91D1-4254-B2D5-16144BBFF353}.Release|x86.Build.0 = Release|Any CPU
		{4C78B0EC-7483-47FF-96CE-A5906FBCB4CC}.Debug|Any CPU.ActiveCfg = Debug|Any CPU
		{4C78B0EC-7483-47FF-96CE-A5906FBCB4CC}.Debug|Any CPU.Build.0 = Debug|Any CPU
		{4C78B0EC-7483-47FF-96CE-A5906FBCB4CC}.Debug|x64.ActiveCfg = Debug|Any CPU
		{4C78B0EC-7483-47FF-96CE-A5906FBCB4CC}.Debug|x64.Build.0 = Debug|Any CPU
		{4C78B0EC-7483-47FF-96CE-A5906FBCB4CC}.Debug|x86.ActiveCfg = Debug|Any CPU
		{4C78B0EC-7483-47FF-96CE-A5906FBCB4CC}.Debug|x86.Build.0 = Debug|Any CPU
		{4C78B0EC-7483-47FF-96CE-A5906FBCB4CC}.Release|Any CPU.ActiveCfg = Release|Any CPU
		{4C78B0EC-7483-47FF-96CE-A5906FBCB4CC}.Release|Any CPU.Build.0 = Release|Any CPU
		{4C78B0EC-7483-47FF-96CE-A5906FBCB4CC}.Release|x64.ActiveCfg = Release|Any CPU
		{4C78B0EC-7483-47FF-96CE-A5906FBCB4CC}.Release|x64.Build.0 = Release|Any CPU
		{4C78B0EC-7483-47FF-96CE-A5906FBCB4CC}.Release|x86.ActiveCfg = Release|Any CPU
		{4C78B0EC-7483-47FF-96CE-A5906FBCB4CC}.Release|x86.Build.0 = Release|Any CPU
	EndGlobalSection
	GlobalSection(SolutionProperties) = preSolution
		HideSolutionNode = FALSE
	EndGlobalSection
	GlobalSection(NestedProjects) = preSolution
		{F2D9A951-FD4C-4B93-8E77-CA0E22E36AB3} = {827E0CD3-B72D-47B6-A68D-7590B98EB39B}
		{9DFF37FC-91D1-4254-B2D5-16144BBFF353} = {0AB3BF05-4346-4AA6-1389-037BE0695223}
		{4C78B0EC-7483-47FF-96CE-A5906FBCB4CC} = {0AB3BF05-4346-4AA6-1389-037BE0695223}
	EndGlobalSection
EndGlobal
